
Microsoft Visual Studio Solution File, Format Version 12.00
# Visual Studio Version 17
VisualStudioVersion = 17.5.33516.290
MinimumVisualStudioVersion = 10.0.40219.1
Project("{FAE04EC0-301F-11D3-BF4B-00C04F79EFBC}") = "SignalR2", "SignalR2.csproj", "{087C4B12-3E2A-4B19-AF81-8193DAB692A3}"
EndProject
Global
	GlobalSection(SolutionConfigurationPlatforms) = preSolution
		Debug|Any CPU = Debug|Any CPU
		Release|Any CPU = Release|Any CPU
	EndGlobalSection
	GlobalSection(ProjectConfigurationPlatforms) = postSolution
		{087C4B12-3E2A-4B19-AF81-8193DAB692A3}.Debug|Any CPU.ActiveCfg = Debug|Any CPU
		{087C4B12-3E2A-4B19-AF81-8193DAB692A3}.Debug|Any CPU.Build.0 = Debug|Any CPU
		{087C4B12-3E2A-4B19-AF81-8193DAB692A3}.Release|Any CPU.ActiveCfg = Release|Any CPU
		{087C4B12-3E2A-4B19-AF81-8193DAB692A3}.Release|Any CPU.Build.0 = Release|Any CPU
	EndGlobalSection
	GlobalSection(SolutionProperties) = preSolution
		HideSolutionNode = FALSE
	EndGlobalSection
	GlobalSection(ExtensibilityGlobals) = postSolution
		SolutionGuid = {D8580E66-8123-453B-AD3A-EA110F7F5104}
	EndGlobalSection
EndGlobal
